
Microsoft Visual Studio Solution File, Format Version 12.00
Project("{FAE04EC0-301F-11D3-BF4B-00C04F79EFBC}") = "DiscordBot", "DiscordBot.csproj", "{747D601A-13CD-4B44-A460-1C99DEEECF6B}"
EndProject
Global
	GlobalSection(SolutionConfigurationPlatforms) = preSolution
		Debug|Any CPU = Debug|Any CPU
		Release|Any CPU = Release|Any CPU
	EndGlobalSection
	GlobalSection(ProjectConfigurationPlatforms) = postSolution
		{747D601A-13CD-4B44-A460-1C99DEEECF6B}.Debug|Any CPU.ActiveCfg = Debug|Any CPU
		{747D601A-13CD-4B44-A460-1C99DEEECF6B}.Debug|Any CPU.Build.0 = Debug|Any CPU
		{747D601A-13CD-4B44-A460-1C99DEEECF6B}.Release|Any CPU.ActiveCfg = Release|Any CPU
		{747D601A-13CD-4B44-A460-1C99DEEECF6B}.Release|Any CPU.Build.0 = Release|Any CPU
	EndGlobalSection
EndGlobal
